Microsoft Visual Studio Solution File, Format Version 12.00
# Visual Studio Version 16
VisualStudioVersion = 16.0.30523.141
MinimumVisualStudioVersion = 10.0.40219.1
Project("{9A19103F-16F7-4668-BE54-9A1E7A4F7556}") = "ML.Core", "ML.Core\ML.Core.csproj", "{E75A8388-4C25-48B0-BC0B-DFB81444C7BA}"
EndProject
Project("{9A19103F-16F7-4668-BE54-9A1E7A4F7556}") = "ML.Blend", "ML.Blend\ML.Blend.csproj", "{6A3E2D99-F845-44A4-B4E3-0238231524B4}"
EndProject
Project("{9A19103F-16F7-4668-BE54-9A1E7A4F7556}") = "ConsoleApp1", "ConsoleApp1\ConsoleApp1.csproj", "{3EFA9C2C-572D-4079-8519-005AEBA8E0B2}"
EndProject
Project("{FAE04EC0-301F-11D3-BF4B-00C04F79EFBC}") = "ML.CoreTests", "ML.CoreTests\ML.CoreTests.csproj", "{B8D4F078-3A4F-461C-BE30-0256C772451D}"
EndProject
Global
	GlobalSection(SolutionConfigurationPlatforms) = preSolution
		Debug|Any CPU = Debug|Any CPU
		Release|Any CPU = Release|Any CPU
	EndGlobalSection
	GlobalSection(ProjectConfigurationPlatforms) = postSolution
		{E75A8388-4C25-48B0-BC0B-DFB81444C7BA}.Debug|Any CPU.ActiveCfg = Debug|Any CPU
		{E75A8388-4C25-48B0-BC0B-DFB81444C7BA}.Debug|Any CPU.Build.0 = Debug|Any CPU
		{E75A8388-4C25-48B0-BC0B-DFB81444C7BA}.Release|Any CPU.ActiveCfg = Release|Any CPU
		{E75A8388-4C25-48B0-BC0B-DFB81444C7BA}.Release|Any CPU.Build.0 = Release|Any CPU
		{6A3E2D99-F845-44A4-B4E3-0238231524B4}.Debug|Any CPU.ActiveCfg = Debug|Any CPU
		{6A3E2D99-F845-44A4-B4E3-0238231524B4}.Debug|Any CPU.Build.0 = Debug|Any CPU
		{6A3E2D99-F845-44A4-B4E3-0238231524B4}.Release|Any CPU.ActiveCfg = Release|Any CPU
		{6A3E2D99-F845-44A4-B4E3-0238231524B4}.Release|Any CPU.Build.0 = Release|Any CPU
		{3EFA9C2C-572D-4079-8519-005AEBA8E0B2}.Debug|Any CPU.ActiveCfg = Debug|Any CPU
		{3EFA9C2C-572D-4079-8519-005AEBA8E0B2}.Debug|Any CPU.Build.0 = Debug|Any CPU
		{3EFA9C2C-572D-4079-8519-005AEBA8E0B2}.Release|Any CPU.ActiveCfg = Release|Any CPU
		{3EFA9C2C-572D-4079-8519-005AEBA8E0B2}.Release|Any CPU.Build.0 = Release|Any CPU
		{B8D4F078-3A4F-461C-BE30-0256C772451D}.Debug|Any CPU.ActiveCfg = Debug|Any CPU
		{B8D4F078-3A4F-461C-BE30-0256C772451D}.Debug|Any CPU.Build.0 = Debug|Any CPU
		{B8D4F078-3A4F-461C-BE30-0256C772451D}.Release|Any CPU.ActiveCfg = Release|Any CPU
		{B8D4F078-3A4F-461C-BE30-0256C772451D}.Release|Any CPU.Build.0 = Release|Any CPU
	EndGlobalSection
	GlobalSection(SolutionProperties) = preSolution
		HideSolutionNode = FALSE
	EndGlobalSection
	GlobalSection(ExtensibilityGlobals) = postSolution
		SolutionGuid = {7674E66B-A325-4475-B16C-70F371620156}
	EndGlobalSection
EndGlobal
