Microsoft Visual Studio Solution File, Format Version 12.00
# Visual Studio Version 16
VisualStudioVersion = 16.0.30523.141
MinimumVisualStudioVersion = 10.0.40219.1
Project("{9A19103F-16F7-4668-BE54-9A1E7A4F7556}") = "ML.Core", "ML.Core\ML.Core.csproj", "{E75A8388-4C25-48B0-BC0B-DFB81444C7BA}"
EndProject
Project("{9A19103F-16F7-4668-BE54-9A1E7A4F7556}") = "ConsoleApp1", "ConsoleApp1\ConsoleApp1.csproj", "{49020025-264C-466C-9A86-5AC1D7FC71F7}"
EndProject
Project("{9A19103F-16F7-4668-BE54-9A1E7A4F7556}") = "ML.CoreTests", "ML.CoreTests\ML.CoreTests.csproj", "{3711BFDF-0C1D-4EDB-BD5D-B31A1E59F6B9}"
EndProject
Project("{FAE04EC0-301F-11D3-BF4B-00C04F79EFBC}") = "ML.Blend", "ML.Blend\ML.Blend.csproj", "{6A3E2D99-F845-44A4-B4E3-0238231524B4}"
EndProject
Global
	GlobalSection(SolutionConfigurationPlatforms) = preSolution
		Debug|Any CPU = Debug|Any CPU
		Release|Any CPU = Release|Any CPU
	EndGlobalSection
	GlobalSection(ProjectConfigurationPlatforms) = postSolution
		{E75A8388-4C25-48B0-BC0B-DFB81444C7BA}.Debug|Any CPU.ActiveCfg = Debug|Any CPU
		{E75A8388-4C25-48B0-BC0B-DFB81444C7BA}.Debug|Any CPU.Build.0 = Debug|Any CPU
		{E75A8388-4C25-48B0-BC0B-DFB81444C7BA}.Release|Any CPU.ActiveCfg = Release|Any CPU
		{E75A8388-4C25-48B0-BC0B-DFB81444C7BA}.Release|Any CPU.Build.0 = Release|Any CPU
		{49020025-264C-466C-9A86-5AC1D7FC71F7}.Debug|Any CPU.ActiveCfg = Debug|Any CPU
		{49020025-264C-466C-9A86-5AC1D7FC71F7}.Debug|Any CPU.Build.0 = Debug|Any CPU
		{49020025-264C-466C-9A86-5AC1D7FC71F7}.Release|Any CPU.ActiveCfg = Release|Any CPU
		{49020025-264C-466C-9A86-5AC1D7FC71F7}.Release|Any CPU.Build.0 = Release|Any CPU
		{3711BFDF-0C1D-4EDB-BD5D-B31A1E59F6B9}.Debug|Any CPU.ActiveCfg = Debug|Any CPU
		{3711BFDF-0C1D-4EDB-BD5D-B31A1E59F6B9}.Debug|Any CPU.Build.0 = Debug|Any CPU
		{3711BFDF-0C1D-4EDB-BD5D-B31A1E59F6B9}.Release|Any CPU.ActiveCfg = Release|Any CPU
		{3711BFDF-0C1D-4EDB-BD5D-B31A1E59F6B9}.Release|Any CPU.Build.0 = Release|Any CPU
		{6A3E2D99-F845-44A4-B4E3-0238231524B4}.Debug|Any CPU.ActiveCfg = Debug|Any CPU
		{6A3E2D99-F845-44A4-B4E3-0238231524B4}.Debug|Any CPU.Build.0 = Debug|Any CPU
		{6A3E2D99-F845-44A4-B4E3-0238231524B4}.Release|Any CPU.ActiveCfg = Release|Any CPU
		{6A3E2D99-F845-44A4-B4E3-0238231524B4}.Release|Any CPU.Build.0 = Release|Any CPU
	EndGlobalSection
	GlobalSection(SolutionProperties) = preSolution
		HideSolutionNode = FALSE
	EndGlobalSection
	GlobalSection(ExtensibilityGlobals) = postSolution
		SolutionGuid = {7674E66B-A325-4475-B16C-70F371620156}
	EndGlobalSection
EndGlobal
